{
  "requires": true,
  "lockfileVersion": 1,
  "dependencies": {
    "google-maps-react": {
      "version": "2.0.6",
      "resolved": "https://registry.npmjs.org/google-maps-react/-/google-maps-react-2.0.6.tgz",
      "integrity": "sha512-M8Eo9WndfQEfxcmm6yRq03qdJgw1x6rQmJ9DN+a+xPQ3K7yNDGkVDbinrf4/8vcox7nELbeopbm4bpefKewWfQ=="
    },
    "react-loading": {
      "version": "2.0.3",
      "resolved": "https://registry.npmjs.org/react-loading/-/react-loading-2.0.3.tgz",
      "integrity": "sha512-Vdqy79zq+bpeWJqC+xjltUjuGApyoItPgL0vgVfcJHhqwU7bAMKzysfGW/ADu6i0z0JiOCRJjo+IkFNkRNbA3A=="
    }
  }
}
